// !$*UTF8*$!
{
	archiveVersion = 1;
	classes = {
	};
	objectVersion = 46;
	objects = {

/* Begin PBXBuildFile section */
		C2EA5E511707ECD8002993B3 /* UIKit.framework in Frameworks */ = {isa = PBXBuildFile; fileRef = C2EA5E501707ECD8002993B3 /* UIKit.framework */; };
		C2EA5E531707ECD8002993B3 /* Foundation.framework in Frameworks */ = {isa = PBXBuildFile; fileRef = C2EA5E521707ECD8002993B3 /* Foundation.framework */; };
		C2EA5E551707ECD8002993B3 /* CoreGraphics.framework in Frameworks */ = {isa = PBXBuildFile; fileRef = C2EA5E541707ECD8002993B3 /* CoreGraphics.framework */; };
		C2EA5E5B1707ECD8002993B3 /* InfoPlist.strings in Resources */ = {isa = PBXBuildFile; fileRef = C2EA5E591707ECD8002993B3 /* InfoPlist.strings */; };
		C2EA5E5D1707ECD8002993B3 /* main.m in Sources */ = {isa = PBXBuildFile; fileRef = C2EA5E5C1707ECD8002993B3 /* main.m */; };
		C2EA5E611707ECD8002993B3 /* AppDelegate.m in Sources */ = {isa = PBXBuildFile; fileRef = C2EA5E601707ECD8002993B3 /* AppDelegate.m */; };
		C2EA5E631707ECD8002993B3 /* Default.png in Resources */ = {isa = PBXBuildFile; fileRef = C2EA5E621707ECD8002993B3 /* Default.png */; };
		C2EA5E651707ECD8002993B3 /* Default@2x.png in Resources */ = {isa = PBXBuildFile; fileRef = C2EA5E641707ECD8002993B3 /* Default@2x.png */; };
		C2EA5E671707ECD8002993B3 /* Default-568h@2x.png in Resources */ = {isa = PBXBuildFile; fileRef = C2EA5E661707ECD8002993B3 /* Default-568h@2x.png */; };
		C2EA5E6A1707ECD8002993B3 /* MainStoryboard_iPhone.storyboard in Resources */ = {isa = PBXBuildFile; fileRef = C2EA5E681707ECD8002993B3 /* MainStoryboard_iPhone.storyboard */; };
		C2EA5E6D1707ECD8002993B3 /* MainStoryboard_iPad.storyboard in Resources */ = {isa = PBXBuildFile; fileRef = C2EA5E6B1707ECD8002993B3 /* MainStoryboard_iPad.storyboard */; };
		C2EA5E701707ECD8002993B3 /* ViewController.m in Sources */ = {isa = PBXBuildFile; fileRef = C2EA5E6F1707ECD8002993B3 /* ViewController.m */; };
/* End PBXBuildFile section */

/* Begin PBXFileReference section */
		C2EA5E4D1707ECD8002993B3 /* SetAllObjects.app */ = {isa = PBXFileReference; explicitFileType = wrapper.application; includeInIndex = 0; path = SetAllObjects.app; sourceTree = BUILT_PRODUCTS_DIR; };
		C2EA5E501707ECD8002993B3 /* UIKit.framework */ = {isa = PBXFileReference; lastKnownFileType = wrapper.framework; name = UIKit.framework; path = System/Library/Frameworks/UIKit.framework; sourceTree = SDKROOT; };
		C2EA5E521707ECD8002993B3 /* Foundation.framework */ = {isa = PBXFileReference; lastKnownFileType = wrapper.framework; name = Foundation.framework; path = System/Library/Frameworks/Foundation.framework; sourceTree = SDKROOT; };
		C2EA5E541707ECD8002993B3 /* CoreGraphics.framework */ = {isa = PBXFileReference; lastKnownFileType = wrapper.framework; name = CoreGraphics.framework; path = System/Library/Frameworks/CoreGraphics.framework; sourceTree = SDKROOT; };
		C2EA5E581707ECD8002993B3 /* SetAllObjects-Info.plist */ = {isa = PBXFileReference; lastKnownFileType = text.plist.xml; path = "SetAllObjects-Info.plist"; sourceTree = "<group>"; };
		C2EA5E5A1707ECD8002993B3 /* en */ = {isa = PBXFileReference; lastKnownFileType = text.plist.strings; name = en; path = en.lproj/InfoPlist.strings; sourceTree = "<group>"; };
		C2EA5E5C1707ECD8002993B3 /* main.m */ = {isa = PBXFileReference; lastKnownFileType = sourcecode.c.objc; path = main.m; sourceTree = "<group>"; };
		C2EA5E5E1707ECD8002993B3 /* SetAllObjects-Prefix.pch */ = {isa = PBXFileReference; lastKnownFileType = sourcecode.c.h; path = "SetAllObjects-Prefix.pch"; sourceTree = "<group>"; };
		C2EA5E5F1707ECD8002993B3 /* AppDelegate.h */ = {isa = PBXFileReference; lastKnownFileType = sourcecode.c.h; path = AppDelegate.h; sourceTree = "<group>"; };
		C2EA5E601707ECD8002993B3 /* AppDelegate.m */ = {isa = PBXFileReference; lastKnownFileType = sourcecode.c.objc; path = AppDelegate.m; sourceTree = "<group>"; };
		C2EA5E621707ECD8002993B3 /* Default.png */ = {isa = PBXFileReference; lastKnownFileType = image.png; path = Default.png; sourceTree = "<group>"; };
		C2EA5E641707ECD8002993B3 /* Default@2x.png */ = {isa = PBXFileReference; lastKnownFileType = image.png; path = "Default@2x.png"; sourceTree = "<group>"; };
		C2EA5E661707ECD8002993B3 /* Default-568h@2x.png */ = {isa = PBXFileReference; lastKnownFileType = image.png; path = "Default-568h@2x.png"; sourceTree = "<group>"; };
		C2EA5E691707ECD8002993B3 /* en */ = {isa = PBXFileReference; lastKnownFileType = file.storyboard; name = en; path = en.lproj/MainStoryboard_iPhone.storyboard; sourceTree = "<group>"; };
		C2EA5E6C1707ECD8002993B3 /* en */ = {isa = PBXFileReference; lastKnownFileType = file.storyboard; name = en; path = en.lproj/MainStoryboard_iPad.storyboard; sourceTree = "<group>"; };
		C2EA5E6E1707ECD8002993B3 /* ViewController.h */ = {isa = PBXFileReference; lastKnownFileType = sourcecode.c.h; path = ViewController.h; sourceTree = "<group>"; };
		C2EA5E6F1707ECD8002993B3 /* ViewController.m */ = {isa = PBXFileReference; lastKnownFileType = sourcecode.c.objc; path = ViewController.m; sourceTree = "<group>"; };
/* End PBXFileReference section */

/* Begin PBXFrameworksBuildPhase section */
		C2EA5E4A1707ECD8002993B3 /* Frameworks */ = {
			isa = PBXFrameworksBuildPhase;
			buildActionMask = 2147483647;
			files = (
				C2EA5E511707ECD8002993B3 /* UIKit.framework in Frameworks */,
				C2EA5E531707ECD8002993B3 /* Foundation.framework in Frameworks */,
				C2EA5E551707ECD8002993B3 /* CoreGraphics.framework in Frameworks */,
			);
			runOnlyForDeploymentPostprocessing = 0;
		};
/* End PBXFrameworksBuildPhase section */

/* Begin PBXGroup section */
		C2EA5E441707ECD8002993B3 = {
			isa = PBXGroup;
			children = (
				C2EA5E561707ECD8002993B3 /* SetAllObjects */,
				C2EA5E4F1707ECD8002993B3 /* Frameworks */,
				C2EA5E4E1707ECD8002993B3 /* Products */,
			);
			sourceTree = "<group>";
		};
		C2EA5E4E1707ECD8002993B3 /* Products */ = {
			isa = PBXGroup;
			children = (
				C2EA5E4D1707ECD8002993B3 /* SetAllObjects.app */,
			);
			name = Products;
			sourceTree = "<group>";
		};
		C2EA5E4F1707ECD8002993B3 /* Frameworks */ = {
			isa = PBXGroup;
			children = (
				C2EA5E501707ECD8002993B3 /* UIKit.framework */,
				C2EA5E521707ECD8002993B3 /* Foundation.framework */,
				C2EA5E541707ECD8002993B3 /* CoreGraphics.framework */,
			);
			name = Frameworks;
			sourceTree = "<group>";
		};
		C2EA5E561707ECD8002993B3 /* SetAllObjects */ = {
			isa = PBXGroup;
			children = (
				C2EA5E5F1707ECD8002993B3 /* AppDelegate.h */,
				C2EA5E601707ECD8002993B3 /* AppDelegate.m */,
				C2EA5E681707ECD8002993B3 /* MainStoryboard_iPhone.storyboard */,
				C2EA5E6B1707ECD8002993B3 /* MainStoryboard_iPad.storyboard */,
				C2EA5E6E1707ECD8002993B3 /* ViewController.h */,
				C2EA5E6F1707ECD8002993B3 /* ViewController.m */,
				C2EA5E571707ECD8002993B3 /* Supporting Files */,
			);
			path = SetAllObjects;
			sourceTree = "<group>";
		};
		C2EA5E571707ECD8002993B3 /* Supporting Files */ = {
			isa = PBXGroup;
			children = (
				C2EA5E581707ECD8002993B3 /* SetAllObjects-Info.plist */,
				C2EA5E591707ECD8002993B3 /* InfoPlist.strings */,
				C2EA5E5C1707ECD8002993B3 /* main.m */,
				C2EA5E5E1707ECD8002993B3 /* SetAllObjects-Prefix.pch */,
				C2EA5E621707ECD8002993B3 /* Default.png */,
				C2EA5E641707ECD8002993B3 /* Default@2x.png */,
				C2EA5E661707ECD8002993B3 /* Default-568h@2x.png */,
			);
			name = "Supporting Files";
			sourceTree = "<group>";
		};
/* End PBXGroup section */

/* Begin PBXNativeTarget section */
		C2EA5E4C1707ECD8002993B3 /* SetAllObjects */ = {
			isa = PBXNativeTarget;
			buildConfigurationList = C2EA5E731707ECD8002993B3 /* Build configuration list for PBXNativeTarget "SetAllObjects" */;
			buildPhases = (
				C2EA5E491707ECD8002993B3 /* Sources */,
				C2EA5E4A1707ECD8002993B3 /* Frameworks */,
				C2EA5E4B1707ECD8002993B3 /* Resources */,
			);
			buildRules = (
			);
			dependencies = (
			);
			name = SetAllObjects;
			productName = SetAllObjects;
			productReference = C2EA5E4D1707ECD8002993B3 /* SetAllObjects.app */;
			productType = "com.apple.product-type.application";
		};
/* End PBXNativeTarget section */

/* Begin PBXProject section */
		C2EA5E451707ECD8002993B3 /* Project object */ = {
			isa = PBXProject;
			attributes = {
				LastUpgradeCheck = 0460;
				ORGANIZATIONNAME = Dolice;
			};
			buildConfigurationList = C2EA5E481707ECD8002993B3 /* Build configuration list for PBXProject "SetAllObjects" */;
			compatibilityVersion = "Xcode 3.2";
			developmentRegion = English;
			hasScannedForEncodings = 0;
			knownRegions = (
				en,
			);
			mainGroup = C2EA5E441707ECD8002993B3;
			productRefGroup = C2EA5E4E1707ECD8002993B3 /* Products */;
			projectDirPath = "";
			projectRoot = "";
			targets = (
				C2EA5E4C1707ECD8002993B3 /* SetAllObjects */,
			);
		};
/* End PBXProject section */

/* Begin PBXResourcesBuildPhase section */
		C2EA5E4B1707ECD8002993B3 /* Resources */ = {
			isa = PBXResourcesBuildPhase;
			buildActionMask = 2147483647;
			files = (
				C2EA5E5B1707ECD8002993B3 /* InfoPlist.strings in Resources */,
				C2EA5E631707ECD8002993B3 /* Default.png in Resources */,
				C2EA5E651707ECD8002993B3 /* Default@2x.png in Resources */,
				C2EA5E671707ECD8002993B3 /* Default-568h@2x.png in Resources */,
				C2EA5E6A1707ECD8002993B3 /* MainStoryboard_iPhone.storyboard in Resources */,
				C2EA5E6D1707ECD8002993B3 /* MainStoryboard_iPad.storyboard in Resources */,
			);
			runOnlyForDeploymentPostprocessing = 0;
		};
/* End PBXResourcesBuildPhase section */

/* Begin PBXSourcesBuildPhase section */
		C2EA5E491707ECD8002993B3 /* Sources */ = {
			isa = PBXSourcesBuildPhase;
			buildActionMask = 2147483647;
			files = (
				C2EA5E5D1707ECD8002993B3 /* main.m in Sources */,
				C2EA5E611707ECD8002993B3 /* AppDelegate.m in Sources */,
				C2EA5E701707ECD8002993B3 /* ViewController.m in Sources */,
			);
			runOnlyForDeploymentPostprocessing = 0;
		};
/* End PBXSourcesBuildPhase section */

/* Begin PBXVariantGroup section */
		C2EA5E591707ECD8002993B3 /* InfoPlist.strings */ = {
			isa = PBXVariantGroup;
			children = (
				C2EA5E5A1707ECD8002993B3 /* en */,
			);
			name = InfoPlist.strings;
			sourceTree = "<group>";
		};
		C2EA5E681707ECD8002993B3 /* MainStoryboard_iPhone.storyboard */ = {
			isa = PBXVariantGroup;
			children = (
				C2EA5E691707ECD8002993B3 /* en */,
			);
			name = MainStoryboard_iPhone.storyboard;
			sourceTree = "<group>";
		};
		C2EA5E6B1707ECD8002993B3 /* MainStoryboard_iPad.storyboard */ = {
			isa = PBXVariantGroup;
			children = (
				C2EA5E6C1707ECD8002993B3 /* en */,
			);
			name = MainStoryboard_iPad.storyboard;
			sourceTree = "<group>";
		};
/* End PBXVariantGroup section */

/* Begin XCBuildConfiguration section */
		C2EA5E711707ECD8002993B3 /* Debug */ = {
			isa = XCBuildConfiguration;
			buildSettings = {
				ALWAYS_SEARCH_USER_PATHS = NO;
				CLANG_CXX_LANGUAGE_STANDARD = "gnu++0x";
				CLANG_CXX_LIBRARY = "libc++";
				CLANG_ENABLE_OBJC_ARC = YES;
				CLANG_WARN_CONSTANT_CONVERSION = YES;
				CLANG_WARN_EMPTY_BODY = YES;
				CLANG_WARN_ENUM_CONVERSION = YES;
				CLANG_WARN_INT_CONVERSION = YES;
				CLANG_WARN__DUPLICATE_METHOD_MATCH = YES;
				"CODE_SIGN_IDENTITY[sdk=iphoneos*]" = "iPhone Developer";
				COPY_PHASE_STRIP = NO;
				GCC_C_LANGUAGE_STANDARD = gnu99;
				GCC_DYNAMIC_NO_PIC = NO;
				GCC_OPTIMIZATION_LEVEL = 0;
				GCC_PREPROCESSOR_DEFINITIONS = (
					"DEBUG=1",
					"$(inherited)",
				);
				GCC_SYMBOLS_PRIVATE_EXTERN = NO;
				GCC_WARN_ABOUT_RETURN_TYPE = YES;
				GCC_WARN_UNINITIALIZED_AUTOS = YES;
				GCC_WARN_UNUSED_VARIABLE = YES;
				IPHONEOS_DEPLOYMENT_TARGET = 6.1;
				ONLY_ACTIVE_ARCH = YES;
				SDKROOT = iphoneos;
				TARGETED_DEVICE_FAMILY = "1,2";
			};
			name = Debug;
		};
		C2EA5E721707ECD8002993B3 /* Release */ = {
			isa = XCBuildConfiguration;
			buildSettings = {
				ALWAYS_SEARCH_USER_PATHS = NO;
				CLANG_CXX_LANGUAGE_STANDARD = "gnu++0x";
				CLANG_CXX_LIBRARY = "libc++";
				CLANG_ENABLE_OBJC_ARC = YES;
				CLANG_WARN_CONSTANT_CONVERSION = YES;
				CLANG_WARN_EMPTY_BODY = YES;
				CLANG_WARN_ENUM_CONVERSION = YES;
				CLANG_WARN_INT_CONVERSION = YES;
				CLANG_WARN__DUPLICATE_METHOD_MATCH = YES;
				"CODE_SIGN_IDENTITY[sdk=iphoneos*]" = "iPhone Developer";
				COPY_PHASE_STRIP = YES;
				GCC_C_LANGUAGE_STANDARD = gnu99;
				GCC_WARN_ABOUT_RETURN_TYPE = YES;
				GCC_WARN_UNINITIALIZED_AUTOS = YES;
				GCC_WARN_UNUSED_VARIABLE = YES;
				IPHONEOS_DEPLOYMENT_TARGET = 6.1;
				OTHER_CFLAGS = "-DNS_BLOCK_ASSERTIONS=1";
				SDKROOT = iphoneos;
				TARGETED_DEVICE_FAMILY = "1,2";
				VALIDATE_PRODUCT = YES;
			};
			name = Release;
		};
		C2EA5E741707ECD8002993B3 /* Debug */ = {
			isa = XCBuildConfiguration;
			buildSettings = {
				GCC_PRECOMPILE_PREFIX_HEADER = YES;
				GCC_PREFIX_HEADER = "SetAllObjects/SetAllObjects-Prefix.pch";
				INFOPLIST_FILE = "SetAllObjects/SetAllObjects-Info.plist";
				PRODUCT_NAME = "$(TARGET_NAME)";
				WRAPPER_EXTENSION = app;
			};
			name = Debug;
		};
		C2EA5E751707ECD8002993B3 /* Release */ = {
			isa = XCBuildConfiguration;
			buildSettings = {
				GCC_PRECOMPILE_PREFIX_HEADER = YES;
				GCC_PREFIX_HEADER = "SetAllObjects/SetAllObjects-Prefix.pch";
				INFOPLIST_FILE = "SetAllObjects/SetAllObjects-Info.plist";
				PRODUCT_NAME = "$(TARGET_NAME)";
				WRAPPER_EXTENSION = app;
			};
			name = Release;
		};
/* End XCBuildConfiguration section */

/* Begin XCConfigurationList section */
		C2EA5E481707ECD8002993B3 /* Build configuration list for PBXProject "SetAllObjects" */ = {
			isa = XCConfigurationList;
			buildConfigurations = (
				C2EA5E711707ECD8002993B3 /* Debug */,
				C2EA5E721707ECD8002993B3 /* Release */,
			);
			defaultConfigurationIsVisible = 0;
			defaultConfigurationName = Release;
		};
		C2EA5E731707ECD8002993B3 /* Build configuration list for PBXNativeTarget "SetAllObjects" */ = {
			isa = XCConfigurationList;
			buildConfigurations = (
				C2EA5E741707ECD8002993B3 /* Debug */,
				C2EA5E751707ECD8002993B3 /* Release */,
			);
			defaultConfigurationIsVisible = 0;
		};
/* End XCConfigurationList section */
	};
	rootObject = C2EA5E451707ECD8002993B3 /* Project object */;
}
